
Microsoft Visual Studio Solution File, Format Version 12.00
# Visual Studio Version 16
VisualStudioVersion = 16.0.30204.135
MinimumVisualStudioVersion = 10.0.40219.1
Project("{2150E333-8FDC-42A3-9474-1A3956D46DE8}") = "Core", "Core", "{E82D8E58-081C-4AFC-B0E5-D8D49255DE50}"
EndProject
Project("{2150E333-8FDC-42A3-9474-1A3956D46DE8}") = "Infrastructure", "Infrastructure", "{291C8B32-87FD-4F8E-AD88-0F16D708443D}"
EndProject
Project("{2150E333-8FDC-42A3-9474-1A3956D46DE8}") = "Client", "Client", "{06528876-2458-4FC7-8F8C-5BFEC06CBBBB}"
EndProject
Project("{2150E333-8FDC-42A3-9474-1A3956D46DE8}") = "src", "src", "{C27977BA-15BA-49C5-AD62-C9287DC27E87}"
EndProject
Project("{2150E333-8FDC-42A3-9474-1A3956D46DE8}") = "tests", "tests", "{7568D3A6-C58F-4977-9339-56D6CF4DAD35}"
EndProject
Project("{9A19103F-16F7-4668-BE54-9A1E7A4F7556}") = "Onebrb.Core", "src\Onebrb.Core\Onebrb.Core.csproj", "{C3113961-FF98-4B53-9CB5-12FF490D1F2A}"
EndProject
Project("{9A19103F-16F7-4668-BE54-9A1E7A4F7556}") = "Onebrb.Infrastructure", "src\Onebrb.Data\Onebrb.Infrastructure.csproj", "{A0A95B8E-469E-4394-AB7C-3B3988B1D817}"
EndProject
Project("{2150E333-8FDC-42A3-9474-1A3956D46DE8}") = "Api", "Api", "{22AED7E6-3D8C-4EE9-ADB6-5972B4C7496D}"
EndProject
Project("{9A19103F-16F7-4668-BE54-9A1E7A4F7556}") = "Onebrb.Server", "src\Onebrb\Server\Onebrb.Server.csproj", "{348E5380-9DD8-4A9A-8C87-12F0EB5FDD25}"
	ProjectSection(ProjectDependencies) = postProject
		{B21DEA53-88EF-48AF-9B5B-BF25CE320FE4} = {B21DEA53-88EF-48AF-9B5B-BF25CE320FE4}
	EndProjectSection
EndProject
Project("{9A19103F-16F7-4668-BE54-9A1E7A4F7556}") = "Onebrb.Client", "src\Onebrb\Client\Onebrb.Client.csproj", "{B7083E8B-308E-4B20-A2C6-7E1F81A0E460}"
EndProject
Project("{2150E333-8FDC-42A3-9474-1A3956D46DE8}") = "Services", "Services", "{7F0B4D50-4D12-4623-9159-00BFA4244C85}"
EndProject
Project("{9A19103F-16F7-4668-BE54-9A1E7A4F7556}") = "Onebrb.Services", "src\Onebrb.Services\Onebrb.Services.csproj", "{B21DEA53-88EF-48AF-9B5B-BF25CE320FE4}"
EndProject
Project("{9A19103F-16F7-4668-BE54-9A1E7A4F7556}") = "Onebrb.UnitTests", "src\Onebrb.UnitTests\Onebrb.UnitTests.csproj", "{B6BB681A-2CA1-41F2-BD8C-2004F1D29689}"
EndProject
Global
	GlobalSection(SolutionConfigurationPlatforms) = preSolution
		Debug|Any CPU = Debug|Any CPU
		Release|Any CPU = Release|Any CPU
	EndGlobalSection
	GlobalSection(ProjectConfigurationPlatforms) = postSolution
		{C3113961-FF98-4B53-9CB5-12FF490D1F2A}.Debug|Any CPU.ActiveCfg = Debug|Any CPU
		{C3113961-FF98-4B53-9CB5-12FF490D1F2A}.Debug|Any CPU.Build.0 = Debug|Any CPU
		{C3113961-FF98-4B53-9CB5-12FF490D1F2A}.Release|Any CPU.ActiveCfg = Release|Any CPU
		{C3113961-FF98-4B53-9CB5-12FF490D1F2A}.Release|Any CPU.Build.0 = Release|Any CPU
		{A0A95B8E-469E-4394-AB7C-3B3988B1D817}.Debug|Any CPU.ActiveCfg = Debug|Any CPU
		{A0A95B8E-469E-4394-AB7C-3B3988B1D817}.Debug|Any CPU.Build.0 = Debug|Any CPU
		{A0A95B8E-469E-4394-AB7C-3B3988B1D817}.Release|Any CPU.ActiveCfg = Release|Any CPU
		{A0A95B8E-469E-4394-AB7C-3B3988B1D817}.Release|Any CPU.Build.0 = Release|Any CPU
		{348E5380-9DD8-4A9A-8C87-12F0EB5FDD25}.Debug|Any CPU.ActiveCfg = Debug|Any CPU
		{348E5380-9DD8-4A9A-8C87-12F0EB5FDD25}.Debug|Any CPU.Build.0 = Debug|Any CPU
		{348E5380-9DD8-4A9A-8C87-12F0EB5FDD25}.Release|Any CPU.ActiveCfg = Release|Any CPU
		{348E5380-9DD8-4A9A-8C87-12F0EB5FDD25}.Release|Any CPU.Build.0 = Release|Any CPU
		{B7083E8B-308E-4B20-A2C6-7E1F81A0E460}.Debug|Any CPU.ActiveCfg = Debug|Any CPU
		{B7083E8B-308E-4B20-A2C6-7E1F81A0E460}.Debug|Any CPU.Build.0 = Debug|Any CPU
		{B7083E8B-308E-4B20-A2C6-7E1F81A0E460}.Release|Any CPU.ActiveCfg = Release|Any CPU
		{B7083E8B-308E-4B20-A2C6-7E1F81A0E460}.Release|Any CPU.Build.0 = Release|Any CPU
		{B21DEA53-88EF-48AF-9B5B-BF25CE320FE4}.Debug|Any CPU.ActiveCfg = Debug|Any CPU
		{B21DEA53-88EF-48AF-9B5B-BF25CE320FE4}.Debug|Any CPU.Build.0 = Debug|Any CPU
		{B21DEA53-88EF-48AF-9B5B-BF25CE320FE4}.Release|Any CPU.ActiveCfg = Release|Any CPU
		{B21DEA53-88EF-48AF-9B5B-BF25CE320FE4}.Release|Any CPU.Build.0 = Release|Any CPU
		{B6BB681A-2CA1-41F2-BD8C-2004F1D29689}.Debug|Any CPU.ActiveCfg = Debug|Any CPU
		{B6BB681A-2CA1-41F2-BD8C-2004F1D29689}.Debug|Any CPU.Build.0 = Debug|Any CPU
		{B6BB681A-2CA1-41F2-BD8C-2004F1D29689}.Release|Any CPU.ActiveCfg = Release|Any CPU
		{B6BB681A-2CA1-41F2-BD8C-2004F1D29689}.Release|Any CPU.Build.0 = Release|Any CPU
	EndGlobalSection
	GlobalSection(SolutionProperties) = preSolution
		HideSolutionNode = FALSE
	EndGlobalSection
	GlobalSection(NestedProjects) = preSolution
		{E82D8E58-081C-4AFC-B0E5-D8D49255DE50} = {C27977BA-15BA-49C5-AD62-C9287DC27E87}
		{291C8B32-87FD-4F8E-AD88-0F16D708443D} = {C27977BA-15BA-49C5-AD62-C9287DC27E87}
		{06528876-2458-4FC7-8F8C-5BFEC06CBBBB} = {C27977BA-15BA-49C5-AD62-C9287DC27E87}
		{C3113961-FF98-4B53-9CB5-12FF490D1F2A} = {E82D8E58-081C-4AFC-B0E5-D8D49255DE50}
		{A0A95B8E-469E-4394-AB7C-3B3988B1D817} = {291C8B32-87FD-4F8E-AD88-0F16D708443D}
		{22AED7E6-3D8C-4EE9-ADB6-5972B4C7496D} = {C27977BA-15BA-49C5-AD62-C9287DC27E87}
		{348E5380-9DD8-4A9A-8C87-12F0EB5FDD25} = {22AED7E6-3D8C-4EE9-ADB6-5972B4C7496D}
		{B7083E8B-308E-4B20-A2C6-7E1F81A0E460} = {06528876-2458-4FC7-8F8C-5BFEC06CBBBB}
		{7F0B4D50-4D12-4623-9159-00BFA4244C85} = {C27977BA-15BA-49C5-AD62-C9287DC27E87}
		{B21DEA53-88EF-48AF-9B5B-BF25CE320FE4} = {7F0B4D50-4D12-4623-9159-00BFA4244C85}
		{B6BB681A-2CA1-41F2-BD8C-2004F1D29689} = {7568D3A6-C58F-4977-9339-56D6CF4DAD35}
	EndGlobalSection
	GlobalSection(ExtensibilityGlobals) = postSolution
		SolutionGuid = {23260B9F-8208-4B69-BB24-C3C3968EB875}
	EndGlobalSection
EndGlobal
